
Microsoft Visual Studio Solution File, Format Version 12.00
# Visual Studio Version 17
VisualStudioVersion = 17.0.32014.148
MinimumVisualStudioVersion = 10.0.40219.1
Project("{2150E333-8FDC-42A3-9474-1A3956D46DE8}") = "01 Review of CSharp Syntax", "01 Review of CSharp Syntax", "{2068923D-EDA0-4DB4-8F80-31EF5072BAD8}"
EndProject
Project("{FAE04EC0-301F-11D3-BF4B-00C04F79EFBC}") = "Formacion.CSharp.ConsoleApp1", "Formacion.CSharp.ConsoleApp1\Formacion.CSharp.ConsoleApp1.csproj", "{F3492099-8FC0-4F50-BC2C-5077C9DD1E2E}"
EndProject
Project("{2150E333-8FDC-42A3-9474-1A3956D46DE8}") = "02 Creating Methods", "02 Creating Methods", "{6A43E399-A33C-4817-AF83-CB010B06D8B4}"
EndProject
Project("{FAE04EC0-301F-11D3-BF4B-00C04F79EFBC}") = "Formacion.CSharp.ConsoleApp2", "Formacion.CSharp.ConsoleApp2\Formacion.CSharp.ConsoleApp2.csproj", "{C08E6AA2-6EE4-43D3-A03E-7D2423B83F3B}"
EndProject
Global
	GlobalSection(SolutionConfigurationPlatforms) = preSolution
		Debug|Any CPU = Debug|Any CPU
		Release|Any CPU = Release|Any CPU
	EndGlobalSection
	GlobalSection(ProjectConfigurationPlatforms) = postSolution
		{F3492099-8FC0-4F50-BC2C-5077C9DD1E2E}.Debug|Any CPU.ActiveCfg = Debug|Any CPU
		{F3492099-8FC0-4F50-BC2C-5077C9DD1E2E}.Debug|Any CPU.Build.0 = Debug|Any CPU
		{F3492099-8FC0-4F50-BC2C-5077C9DD1E2E}.Release|Any CPU.ActiveCfg = Release|Any CPU
		{F3492099-8FC0-4F50-BC2C-5077C9DD1E2E}.Release|Any CPU.Build.0 = Release|Any CPU
		{C08E6AA2-6EE4-43D3-A03E-7D2423B83F3B}.Debug|Any CPU.ActiveCfg = Debug|Any CPU
		{C08E6AA2-6EE4-43D3-A03E-7D2423B83F3B}.Debug|Any CPU.Build.0 = Debug|Any CPU
		{C08E6AA2-6EE4-43D3-A03E-7D2423B83F3B}.Release|Any CPU.ActiveCfg = Release|Any CPU
		{C08E6AA2-6EE4-43D3-A03E-7D2423B83F3B}.Release|Any CPU.Build.0 = Release|Any CPU
	EndGlobalSection
	GlobalSection(SolutionProperties) = preSolution
		HideSolutionNode = FALSE
	EndGlobalSection
	GlobalSection(NestedProjects) = preSolution
		{F3492099-8FC0-4F50-BC2C-5077C9DD1E2E} = {2068923D-EDA0-4DB4-8F80-31EF5072BAD8}
		{C08E6AA2-6EE4-43D3-A03E-7D2423B83F3B} = {6A43E399-A33C-4817-AF83-CB010B06D8B4}
	EndGlobalSection
	GlobalSection(ExtensibilityGlobals) = postSolution
		SolutionGuid = {04C521DD-10E2-4617-97B5-93C4C5856A83}
	EndGlobalSection
EndGlobal
