
Microsoft Visual Studio Solution File, Format Version 12.00
# Visual Studio Version 17
VisualStudioVersion = 17.0.32014.148
MinimumVisualStudioVersion = 10.0.40219.1
Project("{2150E333-8FDC-42A3-9474-1A3956D46DE8}") = "01 Review of CSharp Syntax", "01 Review of CSharp Syntax", "{2068923D-EDA0-4DB4-8F80-31EF5072BAD8}"
EndProject
Project("{9A19103F-16F7-4668-BE54-9A1E7A4F7556}") = "Formacion.CSharp.ConsoleApp1", "Formacion.CSharp.ConsoleApp1\Formacion.CSharp.ConsoleApp1.csproj", "{F3492099-8FC0-4F50-BC2C-5077C9DD1E2E}"
EndProject
Project("{2150E333-8FDC-42A3-9474-1A3956D46DE8}") = "02 Creating Methods", "02 Creating Methods", "{6A43E399-A33C-4817-AF83-CB010B06D8B4}"
EndProject
Project("{9A19103F-16F7-4668-BE54-9A1E7A4F7556}") = "Formacion.CSharp.ConsoleApp2", "Formacion.CSharp.ConsoleApp2\Formacion.CSharp.ConsoleApp2.csproj", "{C08E6AA2-6EE4-43D3-A03E-7D2423B83F3B}"
EndProject
Project("{2150E333-8FDC-42A3-9474-1A3956D46DE8}") = "Ejercicios de CSharp", "Ejercicios de CSharp", "{592E8276-CCE0-41AC-9A18-3D8DB777D1D0}"
EndProject
Project("{9A19103F-16F7-4668-BE54-9A1E7A4F7556}") = "Formacion.CSharp.Ejercicios.ConsoleApp1", "Formacion.CSharp.Ejercicios.ConsoleApp1\Formacion.CSharp.Ejercicios.ConsoleApp1.csproj", "{F5A5D174-3EDE-42EC-BDD7-3422FD206C01}"
EndProject
Project("{2150E333-8FDC-42A3-9474-1A3956D46DE8}") = "03 Handling Exceptions", "03 Handling Exceptions", "{FFF38D99-F5D1-47A6-B8BF-9B84A60D88B8}"
EndProject
Project("{9A19103F-16F7-4668-BE54-9A1E7A4F7556}") = "Formacion.CSharp.ConsoleApp3", "Formacion.CSharp.ConsoleApp3\Formacion.CSharp.ConsoleApp3.csproj", "{D400B1D5-AB08-4606-A9B7-3BB66D1F536C}"
EndProject
Project("{2150E333-8FDC-42A3-9474-1A3956D46DE8}") = "04 Data into Collections", "04 Data into Collections", "{AE823062-D4A0-485D-8189-6DEAA4244875}"
EndProject
Project("{9A19103F-16F7-4668-BE54-9A1E7A4F7556}") = "Formacion.CSharp.ConsoleApp4", "Formacion.CSharp.ConsoleApp4\Formacion.CSharp.ConsoleApp4.csproj", "{DC34EDCB-B067-4E76-8CB1-F01151258508}"
EndProject
Project("{9A19103F-16F7-4668-BE54-9A1E7A4F7556}") = "Formacion.CSharp.Ejercicios.ConsoleApp2", "Formacion.CSharp.Ejercicios.ConsoleApp2\Formacion.CSharp.Ejercicios.ConsoleApp2.csproj", "{AE25DB99-C04D-486A-BCE8-57C93F8D1742}"
EndProject
Project("{2150E333-8FDC-42A3-9474-1A3956D46DE8}") = "05 ADO and Entity Framework", "05 ADO and Entity Framework", "{809CDA1E-EA25-433A-9045-C4672B407DAE}"
EndProject
Project("{9A19103F-16F7-4668-BE54-9A1E7A4F7556}") = "Formacion.CSharp.ConsoleApp5", "Formacion.CSharp.ConsoleApp5\Formacion.CSharp.ConsoleApp5.csproj", "{DFC7914F-EBE2-46D2-8B75-3BA5DA126FAB}"
EndProject
Project("{2150E333-8FDC-42A3-9474-1A3956D46DE8}") = "06 Microservicios", "06 Microservicios", "{04832469-49E3-4346-BD48-F528AFE1A1A3}"
EndProject
Project("{9A19103F-16F7-4668-BE54-9A1E7A4F7556}") = "Formacion.CSharp.ConsoleApp6", "Formacion.CSharp.ConsoleApp6\Formacion.CSharp.ConsoleApp6.csproj", "{0C2E3800-D223-4540-9F31-6EDA99051EB7}"
EndProject
Project("{FAE04EC0-301F-11D3-BF4B-00C04F79EFBC}") = "Formacion.CSharp.WebAPI1", "Formacion.CSharp.WebAPI1\Formacion.CSharp.WebAPI1.csproj", "{6BCDEA36-A84E-4303-96AD-5BCB1551EFDD}"
EndProject
Global
	GlobalSection(SolutionConfigurationPlatforms) = preSolution
		Debug|Any CPU = Debug|Any CPU
		Release|Any CPU = Release|Any CPU
	EndGlobalSection
	GlobalSection(ProjectConfigurationPlatforms) = postSolution
		{F3492099-8FC0-4F50-BC2C-5077C9DD1E2E}.Debug|Any CPU.ActiveCfg = Debug|Any CPU
		{F3492099-8FC0-4F50-BC2C-5077C9DD1E2E}.Debug|Any CPU.Build.0 = Debug|Any CPU
		{F3492099-8FC0-4F50-BC2C-5077C9DD1E2E}.Release|Any CPU.ActiveCfg = Release|Any CPU
		{F3492099-8FC0-4F50-BC2C-5077C9DD1E2E}.Release|Any CPU.Build.0 = Release|Any CPU
		{C08E6AA2-6EE4-43D3-A03E-7D2423B83F3B}.Debug|Any CPU.ActiveCfg = Debug|Any CPU
		{C08E6AA2-6EE4-43D3-A03E-7D2423B83F3B}.Debug|Any CPU.Build.0 = Debug|Any CPU
		{C08E6AA2-6EE4-43D3-A03E-7D2423B83F3B}.Release|Any CPU.ActiveCfg = Release|Any CPU
		{C08E6AA2-6EE4-43D3-A03E-7D2423B83F3B}.Release|Any CPU.Build.0 = Release|Any CPU
		{F5A5D174-3EDE-42EC-BDD7-3422FD206C01}.Debug|Any CPU.ActiveCfg = Debug|Any CPU
		{F5A5D174-3EDE-42EC-BDD7-3422FD206C01}.Debug|Any CPU.Build.0 = Debug|Any CPU
		{F5A5D174-3EDE-42EC-BDD7-3422FD206C01}.Release|Any CPU.ActiveCfg = Release|Any CPU
		{F5A5D174-3EDE-42EC-BDD7-3422FD206C01}.Release|Any CPU.Build.0 = Release|Any CPU
		{D400B1D5-AB08-4606-A9B7-3BB66D1F536C}.Debug|Any CPU.ActiveCfg = Debug|Any CPU
		{D400B1D5-AB08-4606-A9B7-3BB66D1F536C}.Debug|Any CPU.Build.0 = Debug|Any CPU
		{D400B1D5-AB08-4606-A9B7-3BB66D1F536C}.Release|Any CPU.ActiveCfg = Release|Any CPU
		{D400B1D5-AB08-4606-A9B7-3BB66D1F536C}.Release|Any CPU.Build.0 = Release|Any CPU
		{DC34EDCB-B067-4E76-8CB1-F01151258508}.Debug|Any CPU.ActiveCfg = Debug|Any CPU
		{DC34EDCB-B067-4E76-8CB1-F01151258508}.Debug|Any CPU.Build.0 = Debug|Any CPU
		{DC34EDCB-B067-4E76-8CB1-F01151258508}.Release|Any CPU.ActiveCfg = Release|Any CPU
		{DC34EDCB-B067-4E76-8CB1-F01151258508}.Release|Any CPU.Build.0 = Release|Any CPU
		{AE25DB99-C04D-486A-BCE8-57C93F8D1742}.Debug|Any CPU.ActiveCfg = Debug|Any CPU
		{AE25DB99-C04D-486A-BCE8-57C93F8D1742}.Debug|Any CPU.Build.0 = Debug|Any CPU
		{AE25DB99-C04D-486A-BCE8-57C93F8D1742}.Release|Any CPU.ActiveCfg = Release|Any CPU
		{AE25DB99-C04D-486A-BCE8-57C93F8D1742}.Release|Any CPU.Build.0 = Release|Any CPU
		{DFC7914F-EBE2-46D2-8B75-3BA5DA126FAB}.Debug|Any CPU.ActiveCfg = Debug|Any CPU
		{DFC7914F-EBE2-46D2-8B75-3BA5DA126FAB}.Debug|Any CPU.Build.0 = Debug|Any CPU
		{DFC7914F-EBE2-46D2-8B75-3BA5DA126FAB}.Release|Any CPU.ActiveCfg = Release|Any CPU
		{DFC7914F-EBE2-46D2-8B75-3BA5DA126FAB}.Release|Any CPU.Build.0 = Release|Any CPU
		{0C2E3800-D223-4540-9F31-6EDA99051EB7}.Debug|Any CPU.ActiveCfg = Debug|Any CPU
		{0C2E3800-D223-4540-9F31-6EDA99051EB7}.Debug|Any CPU.Build.0 = Debug|Any CPU
		{0C2E3800-D223-4540-9F31-6EDA99051EB7}.Release|Any CPU.ActiveCfg = Release|Any CPU
		{0C2E3800-D223-4540-9F31-6EDA99051EB7}.Release|Any CPU.Build.0 = Release|Any CPU
		{6BCDEA36-A84E-4303-96AD-5BCB1551EFDD}.Debug|Any CPU.ActiveCfg = Debug|Any CPU
		{6BCDEA36-A84E-4303-96AD-5BCB1551EFDD}.Debug|Any CPU.Build.0 = Debug|Any CPU
		{6BCDEA36-A84E-4303-96AD-5BCB1551EFDD}.Release|Any CPU.ActiveCfg = Release|Any CPU
		{6BCDEA36-A84E-4303-96AD-5BCB1551EFDD}.Release|Any CPU.Build.0 = Release|Any CPU
	EndGlobalSection
	GlobalSection(SolutionProperties) = preSolution
		HideSolutionNode = FALSE
	EndGlobalSection
	GlobalSection(NestedProjects) = preSolution
		{F3492099-8FC0-4F50-BC2C-5077C9DD1E2E} = {2068923D-EDA0-4DB4-8F80-31EF5072BAD8}
		{C08E6AA2-6EE4-43D3-A03E-7D2423B83F3B} = {6A43E399-A33C-4817-AF83-CB010B06D8B4}
		{F5A5D174-3EDE-42EC-BDD7-3422FD206C01} = {592E8276-CCE0-41AC-9A18-3D8DB777D1D0}
		{D400B1D5-AB08-4606-A9B7-3BB66D1F536C} = {FFF38D99-F5D1-47A6-B8BF-9B84A60D88B8}
		{DC34EDCB-B067-4E76-8CB1-F01151258508} = {AE823062-D4A0-485D-8189-6DEAA4244875}
		{AE25DB99-C04D-486A-BCE8-57C93F8D1742} = {592E8276-CCE0-41AC-9A18-3D8DB777D1D0}
		{DFC7914F-EBE2-46D2-8B75-3BA5DA126FAB} = {809CDA1E-EA25-433A-9045-C4672B407DAE}
		{0C2E3800-D223-4540-9F31-6EDA99051EB7} = {04832469-49E3-4346-BD48-F528AFE1A1A3}
		{6BCDEA36-A84E-4303-96AD-5BCB1551EFDD} = {04832469-49E3-4346-BD48-F528AFE1A1A3}
	EndGlobalSection
	GlobalSection(ExtensibilityGlobals) = postSolution
		SolutionGuid = {04C521DD-10E2-4617-97B5-93C4C5856A83}
	EndGlobalSection
EndGlobal
